{
  "name": "star-module-usage",
  "version": "1.0.0",
  "lockfileVersion": 2,
  "requires": true,
  "packages": {
    "": {
      "name": "star-module-usage",
      "version": "1.0.0",
      "license": "ISC",
      "dependencies": {
        "star-module": "^1.0.0"
      }
    },
    "node_modules/star-module": {
      "version": "1.1.0",
      "resolved": "https://registry.npmjs.org/star-module/-/star-module-1.1.0.tgz",
      "integrity": "sha512-YTHumCpnePDrSf0Nd93SKIrXdcH0J5+L1ciBCDjgcYjQ6tGOjtroTDAyzqEcleox456WUxq6U5j5YNuJDz+75A=="
    }
  },
  "dependencies": {
    "star-module": {
      "version": "1.1.0",
      "resolved": "https://registry.npmjs.org/star-module/-/star-module-1.1.0.tgz",
      "integrity": "sha512-YTHumCpnePDrSf0Nd93SKIrXdcH0J5+L1ciBCDjgcYjQ6tGOjtroTDAyzqEcleox456WUxq6U5j5YNuJDz+75A=="
    }
  }
}
